
Microsoft Visual Studio Solution File, Format Version 12.00
# Visual Studio Version 17
VisualStudioVersion = 17.7.34221.43
MinimumVisualStudioVersion = 10.0.40219.1
Project("{FAE04EC0-301F-11D3-BF4B-00C04F79EFBC}") = "Calculator", "Calculator\Calculator.csproj", "{D2F9345F-FFDA-4776-BE03-7AE763ECDC04}"
EndProject
Global
	GlobalSection(SolutionConfigurationPlatforms) = preSolution
		Debug|Any CPU = Debug|Any CPU
		Release|Any CPU = Release|Any CPU
	EndGlobalSection
	GlobalSection(ProjectConfigurationPlatforms) = postSolution
		{D2F9345F-FFDA-4776-BE03-7AE763ECDC04}.Debug|Any CPU.ActiveCfg = Debug|Any CPU
		{D2F9345F-FFDA-4776-BE03-7AE763ECDC04}.Debug|Any CPU.Build.0 = Debug|Any CPU
		{D2F9345F-FFDA-4776-BE03-7AE763ECDC04}.Release|Any CPU.ActiveCfg = Release|Any CPU
		{D2F9345F-FFDA-4776-BE03-7AE763ECDC04}.Release|Any CPU.Build.0 = Release|Any CPU
	EndGlobalSection
	GlobalSection(SolutionProperties) = preSolution
		HideSolutionNode = FALSE
	EndGlobalSection
	GlobalSection(ExtensibilityGlobals) = postSolution
		SolutionGuid = {C488BFDC-6B9A-4BDF-896B-B6BCE376143A}
	EndGlobalSection
EndGlobal
